
Microsoft Visual Studio Solution File, Format Version 12.00
# Visual Studio Version 17
VisualStudioVersion = 17.4.33213.308
MinimumVisualStudioVersion = 10.0.40219.1
Project("{FAE04EC0-301F-11D3-BF4B-00C04F79EFBC}") = "Web411004192", "Web411004192\Web411004192.csproj", "{7EE8974E-1B86-45B6-944F-4EDA2B96424D}"
EndProject
Global
	GlobalSection(SolutionConfigurationPlatforms) = preSolution
		Debug|Any CPU = Debug|Any CPU
		Release|Any CPU = Release|Any CPU
	EndGlobalSection
	GlobalSection(ProjectConfigurationPlatforms) = postSolution
		{7EE8974E-1B86-45B6-944F-4EDA2B96424D}.Debug|Any CPU.ActiveCfg = Debug|Any CPU
		{7EE8974E-1B86-45B6-944F-4EDA2B96424D}.Debug|Any CPU.Build.0 = Debug|Any CPU
		{7EE8974E-1B86-45B6-944F-4EDA2B96424D}.Release|Any CPU.ActiveCfg = Release|Any CPU
		{7EE8974E-1B86-45B6-944F-4EDA2B96424D}.Release|Any CPU.Build.0 = Release|Any CPU
	EndGlobalSection
	GlobalSection(SolutionProperties) = preSolution
		HideSolutionNode = FALSE
	EndGlobalSection
	GlobalSection(ExtensibilityGlobals) = postSolution
		SolutionGuid = {7090A8F9-1728-4BE0-AEDC-96DC4E870156}
	EndGlobalSection
EndGlobal
